U2FsdGVkX1/2ChyGf+Ha3Aq9ASDC+c1kWnNbzAqSpFiCi+oVXGBMgZyyfZjmoG7j
iJgF2/qBYgsLDIRDsV6xqKjSoKmDM72xkTBqyxWOBOiLB/kJBQVr8qYf2UauIspU
2eh8cHelXqqF4Xv6ww370xdLzxlCOe35Wu6z/qRltj271X7nndpuVOi6vf5uLgb1
iIvV2PsNevlSGHHXWaDQL9vsk8VPS3YM1HS0sYPllOKixLpcKEx7TNjw2YR7LS+c
LJ+1oFJqxVacq+TmeIDhD79zXYxDGVrdgtA6Y1GHbb7FuGoLAt897b6MkqRreJfI
6JJBv7xjQuiPjs5ArTRam3r8Bcz4uduHNAvav5rK2SEADdW7Y/UWjN+DZyIqUDAe
VKhtZTcdMgCqtAXBDJYLOizzfG2905kYmZApOkX74jUP8dkqtWX5Jg7deM9x76v6
u8j1ksDsSVm+0HYbyjhROQ0SRShV794iPasfv2VdTVdgpQ87Kxco2fQnzXqIhna5
8jQ/bvABVjE0EDTXpwqFV90EILEYCqOaD6iBTSa41G9t+3Ok28i1uXV+ZR0mqFIU
M4GxhjEuErt8XGqqnbWaAZb/I0gmk/R5fRJxLq3rpyARXUV+mLlSi2KzgjhuvIiw
OAlVpZkP9nIYfweVEgtizLhaNkMlO4zmzLO29WYI3dFdr6HFeGXp1jEVSIpXeJ+2
J9vhTC0DMKwQHIie3XGet/OlWc4GW/Gb6T15TPZuE+1EiNeINaGvGm0LBZbkydHr
mwHkU/MkjV2Hp26EitxHTdWZ/2nd5IKqclj2d0vCagtkNLrHLNCnn2DHLYXZQwno
qFB4x+KfG46gGYGvWFLJq30wVoVUy45xyAgJKUfCIJNsUsZ6gXq1GX2JYFRe8GC4
i8YTAV4TLJnuMBqAIv2kMo5KQtKFrFtLQN3JJaw8VDYtRvzGDKfED1N9QiOxs/Wg
vH3AI1j9WVrxIdyz1NKp/velypzMKY0VgzOb66TH98aaHp9Y3xfpm/3MB/70TEYs
lCj1FH1vA0LYjK7bBqULsi6ikun2thtgThKtAeO9jyFFSTThxxgMDsof2gwy2i9s
X8J7cBadXZb3070Rjyy7bN7m6iFy4RX8T6tw/Rdv0z62kGCuOVpeSZIfkyoOw45x
cbHnRl3HwtOA1syIXv+W9ERICdzWZCfTkTmcuBkSUjdnoSwIye7cAHFL5x+0Hk/0
aQJBZOvBuW5OVIZVhQUO1HIb0/EDizKoJSMQPRmVw0sMnw0I/Tp/dCFyWlPBBezw
QcXTtLh+LXJs2qrsufATWAtPn5HZD2VT7XHucIMzpyV9sx3eA5cvYCNIbe8D1KLB
zK33W9I8m1ohm7WZG9xQPi3/nTIZGLCVQq1FVT2FkR/+YbldUJfTadfAav/wGdTS
QTN7B8cRsLwXPqfCz9jPJTVW94lEgDquc7DmmiK/Bw97/uGj2QkHFiZt8rNfLZ6Y
aek6R6u06MKCMrircKXRR6l8p25MGbkunJ5b4r7X+LfEbq2Kr7d67XuP9So2wTix
vc8LTpOS//ji/gwx2E7nzxm+vAlVW0uzD/mqYtTYHRifQSzcNCdpBoHu/BZE+YsH
SHCiL33f2R/zp7I2AveCO+fMr6znvmzHXNeLCuFlIXe5VKvkfiP6vT6N2uOfyvBF
n+RrhU6c8aI/xRgAjiF0pCnz+Zcvwqxa4S/fEaarPB2piRSk1y2LiVcUrMl9DMAt
14p731Y5KLXUpPRCRuub/0FOx89ywnE2bx9bmEeI/YYvohgJE4pJFZNT6ryET+Su
a4kbJ4yNsi75F8L9sgjstfQWaTN/5rRkvuRywiesKEW2hwiTqVFy9e7TFde/te62
XVR054xJBq9ySvOJsC/P6poMjjC7BdkCRKcp1wbOjLcCJBC6+tI1lc5QarYv0uLb
kfahQ1a4XkuGK7fKF9eURe1ak4cp2IQvtPBNKA7tmMWBpVpFjA076JEyvmGAGwdm
GURt4VTB0jLdiK5iSS6B/sUR2BLKTVGdF3L3kbvOLyV33/qUfw2w1N2q6v5/PPAM
AhC9RhHF+GZrnX2FhNDsu6hZr8tBWSP+5vazlftKDjPgKoLRz0c8hZO5XINKlVh6
yu1Q9SrxJHJICWnXD3poBd2LwsI6I27wBIeRnFU3eXJrTseLFtdO15L9WQTc3x0o
Fx9Ndx497rHlIHcfG20dGzRoeq3FLufew1r8PL/qg9q2DJDNMfWLVqYj+HV2AMeq
i2i5Ig0ugF5iz3SbvBaCFkGOXTxUSLGfGzwKVcGrDlh0WVVNLZgcQThjHtNZ9pSc
vPqOe49BUnDM689gaGAK9HU4jr+GOSUzZzXbk/qLC7UeRHcLaYq7Ecim6FPa5zyE
Rd0c2GJsn2DF6rErIMR3m2Z3ZfJBxqknzwcyTTOow/X3RNH6Hqbf9r1LU1OrVz1R
5HOTe8U93lvqVPc2WauzsMwCknmCodmvyfoiWnTPb1xGc1oRKPcBsDq+uyXuQmTE
ifNxrqqyU25JICC+XH3BEt3tT5g8ipk7claOZBgvq3ESGknLHRg4X5pRokVvXKY1
v+Pur69CVV1HBpq33Qi9bExqeXcvNwlQ0CiqreaT6v/xUEtiKtRQ0I/z4f5UuJpt
lRvrgvrYMzgOXMbIaVuNRVmICCnyCZdqy9umFFhEG2BHvQUZe47eZmQgfLXiVmNi
t+nkrFHlAfi/owy3cjABT0XR6bQ4WLyFluntXT8mt2dEOaT5aHratPc2l2RExmGG
ngs3aeNgHulziy2eLyCHUZt1UstZ3vUxIEp2uJD+xgGKwtTTk+vdkbW4RUnbCnLr
yRnDNygS7w9ps3KSS6Atc3IljxTofRntYeJugTKXAOD2YXUYi3yqusEAkekpa2Us
eZ/aOH/eniYJYXcEo322Gmy0tei6OK6AElyJfo+k5oDsePK3ffJDxcn5UsmcKEZM
ja72FfcNEWN1BU8ieRUYqvFqiI00bSKU4c+VPQI93d9+eBW1J0La9Qbe3wWGveLm
dwmdfKBqg7F1ydSFoWV3wswu+ItsIMVbRK9NpmEb41JD3YVb1x07ki1AvHV5lZib
Zxz/noTwlz7/jKZzCf+8OMsZWccZfXduOGu/tnBm97+duqSbJSH0b2rmh3Wi0ob1
1AXp90bhkqVIh7MznxoWeleR6Q0Nq5OFiztBazyD/X+DGGsIS3MOM8s0YVunZV6A
q9YH7XSg6WtDy14icRv3kYFp5V7Veahrb+4CdToBz061WbP+UCNmNyuNQT+HBWW/
50ij7rdKeAE+Q+xY9g8iMvYM2MZhJmpjDUAZIAn42uYqxfp4U0otFo7bkrxWzCJF
vavkMYR13UnSKz3s8q/FbRx3Orqpgp44SUfSQjmZJCGUN7LZfBb5fLxKfhkxF2a7
ltyM2g9BR6Em9QUy+C301t9ZKZHOeKaYv76FNye112hXQjITSPUw9GOtWlWXafgf
Uq4lpeSkeS2eYUTBG5FH/FB6ojE1qfIDjAhw71F9Qgxw9ikDnHad6VAzGg++M0GI
7ulCN2oJmII0o2J04HD10Cg0srmRNnC806usCsDuXcg4MQDHJ3BPDta+CGZHaDS8
9xXLzkVSFiFwzyF5Fb5/8XKHcyxzV9V0e3VCUNdp/go9zKl9RihSGOHTaMGAYdAx
ijGssAzQ4AX6zxM+rRxSBL96MCme3DTVGD3hM7ZrCSGDaj8tQ45cpgbaqS3hmP4Q
7cvr5aImmuJ0jnaG7OXeDhZn9O2St8w0i0KfU+BQABW5wBFrYzNxXKkVGkz5RjgQ
1/AuOneEc1SgHNK3gfvpKe+mz2zsmY41cCdNvDJnrNYSREV/cqxTX+jzkR9QxG1x
KmKW7dOOV4oiVyxV2/EwhtFCZqYtdR3RHHPJiLdKf1q/UHkwfa3ziLz0p4Q4FWpo
8QE16XxiJTOLT5m0fXL3/tHd8RQVP+7oUh/TgkfAmJcP5J+J78ECx5yQMlPWKcyE
pOMi9AoVIomLzxGJFRRJ00IfIDHNYp9sd435X3iAqvVQO4UxvkCo7BAZFseaeSjs
n5qm44rAyXhF4UPkLsTJN/oJVSmeXErt2umq8kXRQgODgFR7jw1PFUBJB3wPcFkY
3vj/lmhGWFmyk0sqO2/9/gPusN0Tfz0GhY9oQZsDKOCPDxlEaEPETpq5v94XvQmD
qO3uK2MMkBfE5nIICLzKAuK4LohvJ6YXqZ6hDXER6yIK/RorbjRZCYcF4YPfgeBy
Exsn3+3l441RXUdpDxu/clya4ZlqVID4ki9QalUGiB4tA82F+r9I4VfoysQqsMtk
786xbpDX2JWov06p5w/gmzBDAFCAZvrnSP1LdKh52GNYvuPY44E2db3vgH44KHnX
dUb+CCqX5MkHyGDUURJHuMRwx2VshLzE1FjuMP6yFp6SasP8IJ9g0xXX1KlMjWBO
F9jI6AxalBaelRajLRPTmDkpvGEf2u+kJGy9zwe+VnJ207CQbrPxyKdTKid5YvXs
CBTYlltF1BYLt16KfCZMUssTrxa6okEcNZYC3VclnxIZlsTFBnUuuJf+13eAyrS1
8KRbjBGH/gi0LwtFw1j/1a5mJC72c22R27MTfxBemWBJOEeBGcWI1P1tapggPyjE
JvG8LkvQtC3HxCSb/++hYTIOxeKKxkp5SN1KyveIeqbpcA2DVrjzqdSQVpOEwuK2
knt6ntLlq0WWr3ANLfvjwW0csAFujcY99Tfxgx6oFQlBMBn9mjho+Id+wCIncY69
sZLcFD1dn5A7wtAOw1EeWrd3WQyyi/Sq0oXNIyFp1+DGZkbgTzMHzI31YA4zZWo0
ilpOy1pQdVhlp6kzYIW0UVPFs1ppHlh4OP2yYzoB2HSWhwguSGt3hdFWc9vTSuqp
Cv2dOaKi9kW22JtrgupIl6+97+bofxnV9rou9nO5zKGNxbkAsmEWijBplVJ6o5R4
sbKFZons5AL8hZJbOZ99NbtDXqGbYzSoo5Zg4kT7r/2MnTUQA9raLbGbirM/Dpcq
0/mSPWRgtHvdkqvdA0svlh8IdhErddtOQDS3NKWqseWFV94tIpX8o7oUdbuu/GuZ
FNbmCmn6Bq7qdsIwwLVQOoS4De5nfGfz2mfizWkUOEQ7cfDhdE2/KUyLxqD72OyW
jNsW3/KlxsXV3jsaBq2WkMH98eO12OEiTKDdNcdwGjSH7zx31xxXiu+FQZrg709W
qClhnOHq11X6QIIHlSYdMtVZJD9VcJrqxKtltAHf1sfE6dP0/pGq42hdyn5tQEsq
jpBTTGwIC29a6+C/xvqo2MCFJyE3hxIjzEAiWH3nN5GzpKRy2xENC+ukfoyL30Yo
1eXi0PNcJR+dos0GVDx64C34rBbxwsFFXT5pP/20mpX6qj1gjkxVrmX3R8Jf2c8F
QZurpwNNZXGDfRl+VfDYKGlKxOrF7Cyswy3OqDUM6q0a2U6YFh0UnAHbgkeHs+Bb
O2FLQ5PHyppGVydtL5c5vXgaKKOZTo4KW4YMxx3KCPvLoG3UGVWAyDgeGc1AcOXy
sTS+yGcd95AGX7/V9nwEpYx3vaxgSmPk9CFof4En788cXTJ8HY24EgvqsPFIVPGo
uvx1p20Mx8L75sRzOsRrKiHeJkMQi1a51NzsIGVPWiRZONAfYLRo4S6j8RVj374+
LRpdxDDkon3RNDiEwZc+5JsIUo/Q9Zc1WnmGi8iDwnpFYwouoH6EsC8nblOL9vIa
NuV/VZuEoPjkD1QxDGrdXJ+0qJqWzrbpiSGP760PUgquEg3jspKvlZI9BdQNRh1d
c+ZLQxy1asolIUq0rfQ03zOBImBHJ2yV75u8c/MHOfY7WWGaM2qSu5vT7SZ/EvlL
WgQeEerK6YLPSvt9QGM35976ZYqdqCuaCp/0LU55DbAGcCUJHCQkQ2ZTyS/piufO
E15XeG4Pvsd/VBK5q1LFsOB5VXygA2LTg+vfaBszhW9duE1wFVYe7F92lSTeKkVq
i2LW/SM+t8H4/VU5E342kz7JC7d4n6mdyM8LX69Jt0lekc/x7/DBCToO2Uxjec4W
ZWehePan2dovfMvC9puhIpCWv9GJBUZGLPuq5thCO312IMDcSj4g/ENuVJQYBS3j
4iemrAYODpriD8pgobMrbqjhk5nN7gIw0wkC42w+9DM8O36UTPBl+5CjdlMSSlQ7
gSSefAF7vkhtArvZmCwCEgzWM/UowPFuSpIdoCc6MIakUYBn8dJnhgIsyJAqt9M7
hVY7r7dcTPtYxjqMIn4Vj40/aejN4wvT6bkAKzvcNcT4KU8BSYTMAd0MoRHHMK8k
U7NEOlftCx7Brzo6pgnq9yUU1hdzA2vnRjR1xD2IfpGOg0WfgeWwOpOULGawuzx6
vJAcAbN7fXswPcS7cftOWkn/dg3h4fv2pEL/5Yqu7rgIECbg+hZA009ZqkCE729L
U4z93G3v2nNPM2U532AJPzjz0RJpRCspWYXpRDkwghJe3HMKnkONqSKrASkz5t4b
8uyGC9plCuK0BlKPmISsO9NVdsCyfLISf9KqF+U+tB+hu1MlUbqO/7FvwAQFGer9
lfIwwhWq0ylqbd4w/KYTw4UwUEcqfjgTn5h1TJYxrs1Fb3iC+UVaKGz/D2yeH/yJ
noILHRVb9o88oEXeMWxl50yKaS9dDc1EfALc68FAIHiLTYBG5JR4GfPKC8oVzq69
Dnfgeb8HoErzXsA1qk+CNFWD9xvSatHXKQGKneb7prQBOPoSJInjwqBMdzXwBKjU
92qYd0oCgYzBU0JVgTaAkJBTZ4ajjn3jgKKErsN9+FXxu5EkTn3NkCxzLGuZb9ai
uKtsmXT+EvUnoh0/7VukpZRMk2dtLwXZj5Hmg4BrfOcClET82jzU/7Gaeh7LcNEM
jtZd6Cpd2KftaNPY3OSOo5CaKkd8S+liBKx++vjr3HC9I1OdLZCgBNoI9q+cAjAp
WxEQk24jiHuwFT145L4LV6xI5p9WrU/rfkeChh/pawm+57VzFsLJ+ZdfmdfnxRAA
5UtAEsSxBMQPqNePRA1Z4gi/nPaZ6GkMr7BQXpcxST81NAFsyo4Zcoa5QreJ2RzC
yrNjzskVd6wHXsXliexxUbiWNffWTFoWXOjgaTYEUHZ9uC5GuXDr69JbCWp7pM5X
/QJ26Li7Wxliv5ooMJRL4H6sHdDqTUMda7knOHI4kTTtg1t+NXATxzhgb1w9SAXu
c0W/9SpCN7C/YgBO8Vt4Xgvdkd4rRYynEwVI9NLYswiywsEmja07HsTvCcvybMc5
n+x3+FkNP8A1y3UCkT2WYzmJOqCtDRjNvUFPnEvxQux+UgzTPvKvFO78ndk7JbL9
pyyZ2Lib+AMYehfY6TLdlevd96O7n3UKAnMSADP/jkoxFCf17JGuOEcH+cego7TQ
rKpVlfmKP0PYTONPc/5xwjBOO2p8Zd5rdJAEzuEJZ10ZUZSve/h36wfWHh47PJRq
0NygW+0pFyzYvC8pR2hlGBmowiccRik+nafvwE8fKPrRmtK/dJrOCeGGdbCHFdWT
ZcH8XZR6yzTIyJ8iA4k0xdZ4TuSOFVUvr2vJF+4jAIOrncOVs2k2pjYs9LryJDEy
9tsI2Qb+GujdcXy8toRak8owkP4RbxoKTbkIDTlYd0rF1g3vcn5kkgIFtX70C+rw
/ajF+ysYJifnHfNXjQYPqFmr1CscRH0yxyAYIpUmOkzk76s/FECL1FNCVi1yiwN+
e6yVzMkMfamQtwqrAPIzQ6CrPQBJML6U0bZbXZQ9A6EKHIsHYU3X+FxNYHg8AUxC
z5lvpItuUDHNp0Gh46EBTFqM2qlTYuX334kNyblzpAXdE0GSmDD8kr40485+K7I7
OxWbBfrYLwSfbgOaB06K85wwbuyKS4/2CCQE3diCOvTZx7o93kxfxBHuOlU6rFsF
//E3tdKQof4Z91hb6F6EP33QSwEOak4+FsKbDsEKPERBKlTtu77g0rsMz29lTGHg
7FKNEP13+Or+ZLRqeYb/lhHnjrjW9Au4rMNsiN56jK+6nmHY8YCNc2t/dzq/2rGu
53kH1WJP/ebvYTuSUhcv9q03b7g7ZfmGIkDAuWlXzr48eS+IFfQ0QiCOU8WkU5QR
gKaav4BoE49dlP3jutht+dH78R4Krmds+uDZio3akTNhIKSxFFuThMHtbw+WLmIp
o+K3qU1TGkOtuxJW8Ts13PXB9A1JbG83C1c1VstycdvcOI9azmUT4xKXFQuCU+x/
OiTAuyS5IRIMTKz/Ysy7gPDc3JlBc6BRGCy9QznSjznMlnAHKLeV0lr1Lf2ehkLU
T0NtztmSb532sXPyvZSGBnV+rdeHPE+crlwNzPh6nT58hXIJDIuKJ4AA5GlRk0Zq
2pXfrVzFcdlMf2G1uo4nBwiypgYOE0YMjLKq/HPGWmn9IEno2ocsu3Gc9kWhhnxh
e2xqV6bUxKr/Uelyyv76fgc2JR1O5s2tNRyvUMFTFNNDSLfO6eVG2sJ9jR2GAEE3
H1oCsfOz2stNqHjSyEeSfZUX8u9BKSSoH0DvVLpUT7QqHhup7XRfY+OvcPQllHBY
MCH3dUJ35/2wM7Q3onNdMX3woisfenff6aCkhAJU4jhhhQC0gEzbtOiKyjx7wdis
gk0yG1RftbKwOeXDdGh2cIdwCryV3DhIr2DeFn5y+pl6Na8AxRFp0m4XVWgtmoal
EESSTMA7nU6fABOPLw5UknjylfPgn8N9qGXri9Ivv7duYjxOJpCR9i9OL5XEpHgK
QbmS2iPonvclvDlxMS4UC2TGJfpGyOAq0L9ArQzlnzkZ2qshX7jug+L8MMWflK1A
6/tucrzYdGXppzNldMeHtLGWXxp5jli/apJHY9CAAqI6Y0QDJuMbu0121lI2nSqJ
0cXbnP9NjCwaHbCAzrY1Ss5H2dK6dhbsCtZ6gef+64jD+AFQu5Sglx7OMG1jEzP8
urczBM1coxc/OmmadIZPd8rGyl93BIv0y5KN578oER/Kip4YlAz8j5PPA0pbQmGC
MusfQb65t12BzUel1wWE1L0Z0fOd0/v30bKwL0ZqVsLdi7Ny8ZtxriESDwayOXaB
7neFR0iAM07iNxKSUKkQoCldNHTg4MYRPWW602FNNSAZgM/kDjVuERo784gxYazI
NXWRA96S4d+lxsJ9i8r1wudCpefst/0C0nwjhlubG6uzH9TvfCbZDgGaTDaotxJv
w96qHsB80WHdajOnaVMs2hF8Uf0mvChZFBEqV0ekcw6X9lGslzJ4cdjSDFkWnY7e
DUktwvFDA1hHifThi6S0hb7oUr3lB6NtOyZYaIk4VfxXf2D95T5nJhVTx4i31Ma9
lPYNYNcrTikbYp0LBPlAoJxkZSIUCMW49KOXpNXgs77xyhkPrTDCUXf/Wmc203gl
UTzvKTbMoG/fMCfbs1f0VYPY9KQLcB1CJnOku28fXXfRVTHK1Mb3aGhI5JsZ7wYv
2E3O/EcIu2+8kOuWHxlXXCEeKDpd+B5gSSjPwhBFWnaubpKuwvNSt/ZB7djh0mjN
9Bo2j7UiX79jXwv50LX5pCm+sCXAS0MbYMwQ1HnTIofc2OOY2tQXvoEc/sA9B2oE
yWZtmDswamvoqlubDX+UDgycZ7nld3/buLye+oZpoTjpWCb4t1R5Ghl2Zf1oVAvj
gYH1I+9Oc6Yemz70bEI9sgzEf/AkjlgCAswKLtefo/8Vqi8EIh9lb4EoxRLKBx1b
0EHaRsPabzglt8Z7eMzG8/Sjko1pHfIx8GPrxXXLOQngCK3/KXQXl0AMr6J9OEWn
XssPy6KXgp3ItsRuAf0olgO6AWCn9/W7k69OMUrCjJi/G483lTNLhZuhplpXAP0q
pnD8/tUuaxA2BcaoNHTUMvsX2GeGlNm57/u9+q/iI3Y9l3VxMEYid8LACnN4qc9y
Loz+ntY8bcwg2wKk3jhr17xePqsLSnSEpnFwkQOhQUt9j4MuG+oQPjy8Xyn+NNPb
nvZDKaIryN1UQTsMeS+x5DO/L61KsxhJ/ysUMI0MtbY27umSKOfU48BFngnV2Ckd
lqVj5LjOuajkIZjCIsMwiugpApwkIqQqFyPG50w10OQh/Zh7eEFANg5IUfhCSlEz
gvEDSgJvNcmOuWcpy3GAccrpIQHg/EZiBdL5DEmNu8c2MViegQbRE7me339Zo+mk
wJDKO2JUk5ZeGMUvq7Rtqg==
