U2FsdGVkX18wrW1swqm6VIFRetDP4+pMpU/S/hptv5t2839htMpgnwV7tO0uVp0m
/iHANAxo79NcSWSOzAfRsM83jsPbWqBC3j7V+U8n9iWDMqHxEXWnCd+pDMOZJbhz
wB/cRzgH0smFDB+HaIGr5TSZ25l2rJ//AN2ydv0PNj8MEADRAywMXThyYE0NNZ8Q
mCAJ2tspGChMkZNOjwtc1fIGiT6H0qTjotBhZpd61lT//c9KQb7ZRnzWv28XSrOf
Icne++rYR///ENQeSL+ZJmSL+yfNSSCH/1K1Ta0Rs9qffLziyuTV94f2foY6rCfV
qOcpj+ntR08eAEka2U4N0EWvS/nAbJkHkATHgJ3YJXHyeTE2wjpuNVDWuka6I3zm
ebi6+6Ihm0ViJCeXJ3NhPZ07l7PG7laCxVkC4HqolfpyR4c984CNkPQqdjdSD0m4
305X0RuM6vtX4mvzLCRwRk1CYOLifIfp+OkrzC7wBlZu7RiBRvJ5QFwCCSSOCF+W
tp4kArcA/yh86zrEertjHV9ng+KyT232U/i9DHLvbvzKo54N16mDq7X0eNgqO+Ua
KJfqYUYUDeXDF/yspCw3cR4HRw3yXBtDsrVflTwiaik4WyQenAEWesH8IgYlHX/x
ES3aTssLs7xDzH0zp4y3PVQ9YDPi2nc2R3sXlwOVXfvkDEJZfqB0y2d0c8GNrfGL
EVr53VJEauzlHE6jO7fG/ZlemH5CfhWZxTtr8+MNSJfvVDYXuIEeZDo3UYwuWI7P
iG9GatSFzJZJ6ZmnTUF/AOurLocKlQEhJY01nR7ZlWUWtCU5BjHIFlop8mdI/DeK
q21+De46agcHKii+OD+n3Xjlu/wTRB/oNYQz1yv+fuZWpB5EPrAJI2skhZqLWsL2
Ou/47YC+I4L/o50bA3Tih82wtar/Rge9mwKCe1SansZpB+qj+/vB99XqAfMgWbsP
5Y8evfTW2IXNCXpTkvldC0/XQMB9drYmO+7EAe3cIDyKPA5x+naciMw29QjGd/uX
fdybP11nfyr86ortxDY1DsBm3UyiabNFP7dqLJ6QLsqyQi6J+3vqZ0cE9R57EP1D
HplAFbHzyJ5NyD/jhoXDZsG2J5S2Zj8ycN/E3BUuohHts//Q6f1GtlsPFS5iEB8m
C+V2gOw1RpiwcLbF63UF5XL4U8epz2kfjPs5G6UvVP94YcyV6LkgYKlmJuMwL6ij
Di558FMBzFg5GrP+lJ3ku7Q6kskonrKIvx/w/7Ck8CWacP4Hkr5eOxS4ejJQspmj
kXhAtIpTkNFE4sT27RtclZP0U0368YQkRF6ZqFvf5cf63jncJZ1ZCbhirS/gf5xI
pz2jl+kRJwPfGcx5rlI5UnuCbzcncCTRoVA24GNYoSQQNWLaBd/vOcXRAF/bN95K
Nse34AaAT9ify5F4D71FmCLKQxP1EAl5IpwLjzVQ2Nyovoz/1kCTNoronFgXOdjM
Joa4AJGJ5SN8qmztwElkPawrwqBR/1TDym8ONTsNDSfd9vxt9VtR0dXal5NeYKqI
xPjM3A3G/viDZ139GrsNggcer1Wbxpltdq3Vpx7Y+Q68qvOPj0HHRnsY6GBQz1Pe
aJv+abIzqgXkq5qNXb7oNk1sb2xlIripupBv8ywl+4j7g1R+8CPYUFmiGYo98KoC
sFSg9LtEpgc+VNSPL4/z3kGAQLDSEeqVQmE/z1jgnbpUX2vkYv9kCBgrP4Azst4L
TE8TAeSb3GxJd93JGINkmwgoflY7Ou1dn/eSax4r+aqv/tdCWz0MJXpfUfUSgrB/
+Cubtsow8mXxmlq+atf3ps97TIhibep4sCvZXNESqThBfIc5H0zq8LnRhyaTgSv2
gI2B6s/20oSPGPWmQLs9HEAcMMk6Jc1A50dZkht/EUXqld5lu9qGuUR2aaBNjiyg
907qrBENL+CNh7O4ZvGqYUrRjiQbPW8cDklMq5hmAK+AuTdpGawNP/W8/8Td/Fh9
Ig/x54SQMhc2wcKLxnxLXm0UqIewzzRP7LnvRtp+sAVe2uyAhVvkifJQY4s1rwQg
Hh92Bq5ug7TMqI5ZlWGbFVAscvlkyB945vmjepOLwilUKxO79aluN/IiMrcaUrnm
9XTeeNGaJYdj4rMaG8DEQhvfC1ezWnGGER7yb09T1woT794LKP9eP1BIP4DTl1RI
D5rAHpAcBndZ8zudDqMg8v71J4+E1LI5Rmv40KI99MuuawvES/8G/Hv622EvtH3y
jpUPuo3Kr/N4gjqDk0Uc5PtIPe4hPw9qa6BgxdQN0z3Fo3H6yfelZYOC5lACQOVT
cupkBYvXOFpAXcKqREHlTaC3I3Xc2w5AsGO3xT1Tzd+kBa38RJjkLAJC2hRUmInu
O47Mm92yYS3FQIbpCiZuqSVnDHr6zeZnttlqhsIl72HR4S3wMdWDJMhTcsWF78Pu
PefulLvrPd/R+GufXRLQoUPgylzexeCysrRro8m4uRa4FURRMZEidNTmDTmg3Qv3
ygrytvWoCefOOGoUszCKwD77hBnWsxovgZHPABiHHDyNe8RUiGftcEi4ga8XZdqO
p027hG3Wi+vd/nMNzHMUD4uOsrenTjtBFNSckI/lvgfeGqfOVIKnnVHT51OMgONZ
qq+90bemX3xR7Gi2EvxnVZiDLrwzMADBnXEh1iuawhAfU5sOPYL+NNLy7qL8cjg/
LETzd5gXjQ8iow2In+3gMvg0gTzZocpHzXEtmn2StzZFP/DKYFRbyKJtzH7Q7qZf
VU3Irn9EZ53mSVj4g/G97ajJ864L8RnElWhmcPmMj1znXhlYyEWSCSEe/q7BsrlV
3fdu+uE6qJMjfIGV7F0yMisNeMtlEpH6Hy8B1916Wu1kVgMnZfYYAXVkSbhjpsfZ
hcHL2vDbNfLrnYaXOFlqavHsb3tqgFMt+OGG3KX0yEYaovPhSOqbk4nu23lvKBDV
FKMptkvfm0tSVP+Uo9+YJ9x02oBXDWPaH7G7p24RCTHsvK5JCJFPubgYYB0EJckS
JrnrK82F+enES/8tB+G1+jfc/Ss09hRGCOPzDXezdSMloUOZetfTsZbQ+1PB1jD+
J0g7+CjhTns266t94L1MHN4M65Y/zhfMIeWr+VNyfMnO84NUyKE7ZS6g5olDOuhe
vP10mBBGCsYZQcZcnHIYe2h2EWLJX8WAKE28OQAgUJtuX9F6o5cedhASwa9KVxbH
kc3HFGm+uJdHzk3Ua/ZJvOHXZ03i0mitEslaUHaDMa45o7kPgnSw55fwpab1+O8x
MxEb72I7nZxRW4cGRYGGHupDmaIoYmMRZaFVlU32vL0AQiY4j+0pNNqVnC9MARgl
PVU6b73bqw4vRsKoArNGF8TZTtJeFqCyeQ0dJOXfPfx5kCuoj7Ee3XZOqyGWHV/a
Q+Y97n90/lppq+q0Euh6H2goXF7gmo7fDSIjkFPdnpsXUmD47GIzNIqDXVTA1m4t
k5n2geXgkHkPKP1Hj6/JDxYheNpzB0iKxzZZPOLwrEisO+CvwJj1mkoJvGE4MSfK
lfe5BZwiCww2d57s+7cbAH3a8IJtm43Q7l9NU9akwwuoqn+5z/1ry7IbQMcvIwbg
CjnNySnwBbw/ev9aUWgjGABjBAq8nsRuHWoaIFq3AqBXyohOaWgmGSKjV2ywLa6G
0WrLUHjVhKMEyWiRfz/qxK3InaA4bD5jUu3p7bgpGdeBlG30BUWFq7yCiLloPVUH
wu75t51gpm060bJU3QJJnRJ/a2WFCG0C23wkleBHi3X2U630E/1QHDZYBay7FKMV
Pfc7x/MFlJcb/e4o9Xsz75NzSG+6VfJ/gV0xx5wFuqAXsAx5/HzosoD70Ye/UBp0
ETaW/AQQsxK18H8fzlnJGrNBUGi1E6VMoTIBHj3HlVZGbLuIuOEmnpesb/XdKAuD
jASkGdK2nNKPkn+Oy4VC21VEOgjIistBCrl2IsTGMP4L9KVYL+kFtNs1kXupqGL1
l9ukbUDQXSttRr6vLIY/Iym64et/Y2++EGWXVNCxCSNQceN8o7eKOAvUQM/FS5/4
+wV30b3tOeI2nbA9P2K5cTKSN3YOx36pCdzQqJ+5l2EBwmZqWu6bk0E+0vSaLd+i
zsZpLQbM+21RunHlIB6LQYyw/53NaKSzTyjzOnf6p78IcW0Jeuj/xVuQCRI6JuXA
MVs444zAy0VG/kdnSzlWMKXVSxkyyOMRFopomSDXel9Eo/nZn3sibpTWXrJ2FmsU
n1gDpYvjfMS9ifxCyNikGYH8HZo/phlVCeu/G5hprJMKCjVZafGJDSZKtWSYU7bh
chs70B0bAEjclzBcoEaUoQRf8N9/QU2Ud9jxa+K64F+rzzPAZkNF0U44uXHa6oMi
6c5+AaVWMTj82mAFeGDcZHeSai/Gqr58ciWdmOTediSVJoNMRHUtpqtfG8jgFflu
o50Z/YioK6ZwGBPyaxu7RF+Gn6quoF0eeOlh2XoVJeJLKDI1bfOTRHhpWb1vvZ97
bk6sSpJSSEN1Ry9tlsO+einordkIodd23AlMEp2LPppcYzaLrAUo8intZr4MfS12
4+Ob0rnRb2tPJcgWfFaEyd8SUTpjcc0ii3Q3YCv0ZSSqSU5zvclFki4u+P+Tvk9m
VfZvaWjIK+ZXwfJ2qrvZTVEKHGxwk4yIvKXdpUCz69YiVesUXEmazezA6vSZD+hF
NqnYkk+Wjgn5Zz5LG5xkXu0AcN5JlbaHzBx4xSLIiasRLmxpP+fOO/bRDVTcmFlY
rTgwnuxcSpVfSTgU1mivDesxyf2j2c9LprRXgZg0viD0jN7OWd8Z0lyr7CeZqzib
ppnyx8AeCdLgnzW7r4Z3/G6RTzqK7hv+G8sl0sDZdfVnZTnnBLypVysgaFiWRkU0
n2NZh7PDb9u/Dv5escAEgo45SmpUQooze27yTWAjPFHxFIjekmsQ08l8K/y4l4A1
suF8GhHu3KzKTzPr5ZTfQ6W1Pk2UAkHTlk/XcRWmdqGMG/Oz4nV3ux8SoRijlR+z
zuSjNJeUStSstTbWW/NSKMBE8dPbkqdpTLf4/FDz4iLA9DECKsKspWLi/H8+jBfR
yjOcowWlIfhv4qfgCl3PlukTHWNvgrR+aotl9vSJvSlBaL4ZzARdHpupWIEFDkIG
K/jjc0jaV5hvkm3sRlydPg0Su9IpiX5Z9eIb6JovcaYiVIeGKu8BYCQL8i5kgZq8
yNaCL4S+bB4GD+INZM+y9LEwfmVEAqieCfIykk23J5MwMHMjMlrbYUTLbpPC4hIQ
w6o2oSLKYMXtpGQIJf18Ju+UFWJaiY2oddmnpzIWMJTlYv7YU5wXYiRX2VYmUKR3
k//ZgOBKzke2fBzIvmefkUvoAuBBMusaV3a8GU1546zC9c2PkdqtKDKsGbTFT/CB
okB+7N2cx4Yhgih7T+kXLwSWm6QlXep88JaPZU4UFO2/R+TB1hOwjP1VSBMbPsgk
5sZvXXn1A5dDXIc9anYwWkjuN7WQznhqdVXyRSd9iHHRgo8J0luXGDQx4EBGbHsY
tL22TkqxyifacLFUAgVx6nlTtCflp7Y+M1gMOuz/3pRbxwXs+NQQp/ijDI3Kb8YC
kv19IcdrO7I4JW2VklZgTNpm3ogWDUuZdsR7GH5akhZgnkKFIw+k/eEcMC7M3Qx5
U2CA2M3nYOD5OlK7GGLHMrHbteSlT9GZn8lsoePR2DQB9WodGsMmOvNkNqdNCB7n
VAgHaTu6LybIBkzb0BH8KVqdZX9NF91s8HeECFXZKkoWMNCnynZfRSsE0IYp/5Yu
4kknyK6E75k8C4ZCp66MRZXkukvCSgGyWsJmzWV02h12DUNti9os2p2WcM6MSr++
zwp4hWvLpRMW5U1K16+7lqH8iSTcg6i/oG87516J7Q11HViI7FgUgN5DTmxkmh05
awwalcCsS77p0uOxoVCF6kPjEMiEDBFBbxAQK3H68kSD/n0thqw+IVYMU2wKRHhY
y8yQPc1/GfS/dQBuwTvx4ErUjeN9boqIkWJgOt81JMpEGSKi6BboLz1afYs2nuh5
7gtDeVcAcSLTOgrkJ8bw56TXJ/AJYuuka5S61w48kG+UDEwLa+9MzAbWGwg7S2AK
9UsXagCeXtUNaovgXHm5rLkDYvRgPJ1lNv6XTxDsExSw+eMS45GjbCLBSz3lsJ2f
W+oPRKUoUdKFeP8y2DE1x+ZFczJW5oWNe0mc9kHBXCMIFv7iSRd6pF0AtMJ8uwUa
rG4pdL8jcDW60G6yOYUZTtIcahZ4TW3JmWusGf+IuF15rhgy4S8QeplC2DiL47DF
qqJVsgVX4HeojZWQlJMT+P3I43/WH7gxykXWvc5GjIVQ0sH1sujZssgK4Y/j1jnV
l6IwjJbJLcPDRu2oyflD1NMDjA5K4SERfk/DWojayv/MtLczkdezuz8Wn8StI/As
e1WPWJZ3rjw8yQqgrJm+fX2wOP5Fw6vfqOMHD2YNOTKVj44iHDxQYRWM+IeNN93v
2ykW80qk9y5EvRmFfd7P0bpbBn7qMhN6/jyXEPVO16CpWviLefDeFgsSLJzBEi7e
YycVSSruFAFKDlJf5XhEA3Wu2pg92qZA8x1hY2BHPPWX2SvMBJmTn410Y3HfQflD
I9M7li/ySwMNJ2n1LM3mJaZE4bAz46ZgaumXpNeRCEWZf5h/ISXXwXnAVJcT85zR
ScgUfrbo+ca1j8MZV4pZVSWcqTThsgJfhJ47km/0BbtEhY4zH1JNpAvV4zyLabyc
uev10DFnDNgxP0aGno84xiComAGhMeLNHW5UjwRi4QAmiYBgqCCFT4jzy1C6x9WS
aYqKwANAbHXH8NhP0rUA4Ut+eecGO020Pm/dCR/tzEsqwSbxo9r3q69advcfTk7j
MYifmXkOXkYStoT7Rmladw0/roSGSvQm6qOcVz3rw+O8e4QngW1t9Mar0VdGl8kV
LCO7tYPjHV2GLXeQ955CcW1oy1YXioyU/2ywqxHW4JCp86i5OjAjdxDQJ7m+HOTP
0u3Kkr+C7YtZV4OA/xOeitNVQENc733ie8VU0nkGrAe10cA9MGA4XrGlFDUSSJN3
fqo82Gjm2RxQoanIE0qb4z0elaNCt/Kl3Gvf3NzH1xg3/vnDy4vw378Sqc54r+6T
PoXVzMNW8VuH+Nn0BhZcLnseqNxQ2csprSNIBpF4hbZSLDiG80woh6JuGHZ9+vlX
20vhYISDxXLac1arN7HQuuZ3NjKC2lcO1s2KBiUo7rKDJ2zDE4o/V31I3CEDZAl2
3P0/5ssqZLFjsHVmPlkIRkD9427f7H6Z9+eK+V/biPepA3A1CZE+LdhrGFOxHgjh
4SBONVgsQTjS2BuX9qk//N8X32TdBb2DH7qyimmXvXiRHYD//trB/TJZYiN4WQUB
JKcwgfbBL5dFZYmmaj5mWUMbVv/eus/5Vz1yOKHrM+/PqXxwUAYV/kOKrL9BlR/D
nGyNRvEIaBaX0xvbvWRLoT3BwIV8bqlXyMQTiTmEQ8pWjlwQrdD0MPD1cqvwLv88
O+ZGEw6k+RNXoEeacYGIczbzGfl1M8JXuUNBMDx7XzDQbOLp2PqcX1W9X0327Y1+
s2vPd62gHJ04rSbdacu/mi+/LOiqA9GWQDaZiy7ChATTdEX9clFYCYXoUSSoRF/P
BWPLjcYAWeaQHK7zomgpcOnhEuhbNaIEHlPP+AVg6eTMoh8j4pSNtFbu25vMe15i
LBrg9yrGlVQczIMmPod+ApdGG1d4+P5zPB34dyP8XsbPpIiZFU0wnp46d8uS5kgL
RjJHkQn/z8rKkYryNh8pICHzZHYJLn4VHNeh+h2IU/IG7IMPy6LWvbanevghIHgb
R6fsEoFY2OyYdlrmp3dXY5fDscAaI1ulB7vhf7aEz5nMxofMrL5NBkSJNZkwT5qU
R6W7NQQLbVmy8YDZ9/NbIR1FikRxWkLLvSpfzSrAWWMzSjCB1H2mugw9lSM0OwE0
x7b1cHNAF0AQaiLfilLwf2tPbFhpPcDceiMb6VKAEqKYa1wI2tIaGs5I5Eqqe8du
FO6UAW5vFvKVSKrF1TK0rStCATyWVsA1Tf4llWewram3zgm3CXMLuRxPX7o5QLCp
eo81n+4IGo2dKzUqy8fkQOqgGgJ4ij7Kmawi4TVtsCXzAnCwNqa2tKd6tGjvIJwv
hlH+5AKjEHwRNbBNHtXa/M9AUjl+Wnmd+nInpuM8ONhXUdiDJtLmFMrwIJ+sy9Y4
hnIlVnbjGhsmup1psoYXN+o0xOYgJY0frDChtkRrihmA6tqThi24JLINjKHbAMHK
mYw4ol/0yAdarf9WIP81ezWCkZvi1YrsTMv0tshWBGyXG3yoO1e0IH7ZK2a8VqCM
+5R1yK/NAaeQB8bKaG/aSlKFj1AnSx3xOIDvIsMCcQLhVlqFnlbh7GYQxspAWRDl
suv5xXYYfMSZDe7JuBWC1TbEXNFy+BonK+9EohiuIRCWJ61HYpQE3+El2YHzvsNZ
ya9gx21aGaGxN8HR7vUphc9wjXh4M7VvXgCfrYA+KQl9BchrCCvpuLn92ne2+Qdy
Ko6gqP9uxVM4WKzHAXQnfPXtBiHT/d8QcxdFPK2pKg9EmgXs1XtLdEZm3RTrO1aS
1y0azcdic/6JwqfM8etRtHrQFMAAfrVPc0xHisG9PQfvL0zVrbb0EChRDtDDQeKg
7hGyQVyoQ1ktShTnedmLhTCa0ZGoKwzlDhndkuOEOBTC4VjzSTGgaz91T1gz9MB4
u+3um5PLQtFdRAfSNxcvLAt7NVSzerloA37tMyvvyedYJQqZgITYYKQ/Ey1WMM8Y
riwDx4hVAdlJ9h0gCu4ASAhtFtVO+V8g21P3Wi6BqORpzjXVZJ4TxT5JetMFxqG1
