U2FsdGVkX19KooywDtxAtGkr13qTa2nT7PduTIZjf0k/LR21YpjN/o9ntg04Qh6M
h8dllRA8ahngiWN+azihYMJSez3Ve8zXqLWWWUFLkQKs2a/bHm3w4ujVta6GAV1o
P2UmhBwGKxiwQjebkZHRR3dxsvIubQ9TQnBoAVWlhcEb17tElmy/VeAZslIiN+wF
kFFpYSXm1cS1lR5KPleZ1JwzdkpkV5dPr+XiMhBV5xVICXogtEkJJXH2h8DzEAIm
5EoEAzOeZtpjfmup40+16momkYBrTkOuHCZudJg7TxXqb+UTGR1szgasynhOrIc8
jPFe8Theh12cX7dynW8yqovdjOI0XU4pCYOk2+02xc767w5xrm64rFGhBzqJibMO
9Z674fBcpHf5oKHOsG+q3mWXvhnuMIvp+/cOdMMcZFgPAdK76M8gwnRT+nYExoWO
MS6pMZINR7huo6m2o61hI371MO/pP4zRRovlL4zgpjCbvmaOj3yWDm3dw/nJT1wj
8nRLpPozHLl6QULml1uTkTbZtXnzi9z7U3R/Ff8DGDKLhBQvHRjqtlxHA4oYemd7
MDkoZDxlG89liIy9Qa38Ux/OqcmPE1w5bZeqd9CkUhGeI58GFQ303PN00pqrTDQB
5JlD89tbXkS8PfAgKe8OvBE5s6ZWqtcsy9ZPZNpVsXjLcvCavauvWxd7EHsl12nP
rH+sG7hzOdlqUjYpAXWZiQt5qCClLetqjQ90pdhx5enp38vEMo1HZ2iYA7XreBaK
i+9/F2tRcwU5wHEHhrPBWjyXMEwQMLc/W8vn/la6+JtcmEtmuppYzNzcof+y3XpO
xwiZWOVqnJ5WgleqNAXlMKV8cdVUL6GkLn2JNhNgLG9LRgD+o+fx3QtXZd/iLGE6
hwUZMZcIIW3dDgMf0rPAxNmZaUljgL5BrtkczM2X3t/4nHmTpAVw9OszsKDv6pRm
RfCHAD5eVk2OSz0LfAMdb6AmRe4DolKHQbQcggtTuRHdYNOr7mf7CKnmlrEpFLbl
GT+NP/zN2lOQGjMXaUdOmX/9cuOVhplQFXktk1NGYJwnSMn80AgToVyIg0iunfq5
3p3giDyTMubV3mzxv6M5/2x8E6QrtwK3XUVIGdDedRp4x4HA+ETBDEnqUmQpjqDy
CXa3mCGAD/No+kecwuz0p09Mb8jw7/Kl6CJms0MzWyU3QR0jfzIcn1UjqyREIqls
lmjvj/pwXH4Mc3mfdrbypKTVmG+gq0MvGZ2UJgGxpA+v8cVtyL25tXTKfMhyUuWJ
5BiB4HYszpc51aEUy8b2ZFvE5NLdIyGYepbZjDpnlE6F7r0BjJlX6UjtvLvPDRF+
SrPF1ognq+6IWuwd9N6+2U/6OfkzhhcCoXOl1vik6QjjfZUmLiwkL6Q0difSt2Np
A19m9WZrUuokmwSQS1IDu2ejdaG6isOwTz5590zDD1UdnstlVWTMimP8QoGLVS+G
2OuRKjAnzsKg7qoXVF2JXLIrV5uFyOezoW6YzeDtcJ23UIiroH/5lt1fvkoiYDgS
6zKfIVb/PXrz02KbEwOdGYy/1STaOF5FZVg39d8PMgDD4fzLsBkHhPaee8IQ/onf
fx4nKCXAKwAcKYBrkpPWtFXfNl59S8mwv4Shj7YRgc5DtslC4K1ZZPlQq3PqH7gi
QNvYPd4WYGy9meHz31EBEnPLBcPuq9uAcI42zMfoXElAs/71xOA/8iRiE2fBNDfg
95jsisPOCkroar3zBR1ECeyNkHqASFv10EKpVX1sogChf6UKZUNKkhuL6YqpNg+c
wBvVF48X8S+0FiaOxSo3z10qKb1WsXwtiD/n4nMb2DYAjeHr96Nmt/FhM09lOMbx
Q2rp6bS13/gvWDx5zY6Hv55uAshWe0VKwuCpPGtt7d27JOnPkZJTx5ixJIBioare
rkqXMbFAQBFAMjv4WMLrA5pcaNQzc9yiK+EbTTQ/tXG2k9V9ORXZN+UdCdFrFT7i
9vp6k80lgzpEbPzw3dXTS94/Ik9vbK4Zu6P8IV7QSEcNfiaHUo+Inzjc53zHYtSV
TvV6sBZ/Wnczh5WFc1h6NwYLb10w37nQXIpKsP17RpUrVXtZjAQhADtBLpPPEXLX
yYkTqvsn3Mt2LQBy4coetahn25Q3Em3RuL1jtQAiL4i4NjCGXi8cbciYagJ7mYDX
kVzjjmYnF9MgIOKvkD//HxR3iZKkWV6O5OnfPnxjBH3BdJ7OcLsJklZgClqBtKSQ
ybnNZ2DruPsM3zPJDzk7pbHs8EZKIr/THk16HyTjRu52bxxKCVjy8yD2iz8Z/zeo
+DXxbaBTNL07kcMihuGnW0ODHJ/W22RLaAjzAkw8gt1pBhryaVbYFDWtbEpmTjZ8
ZlLO/bQeJq4b1tjEsqY0Qn9X6rDB8s9g3Vsu6cUmAn7AhtF2qQ6AqbZavE55C07x
WsiXV3j8RTB6SOXgFO4XUHV0k1XC5q60brgDsYrkJ4MT/+Y2tXmibwLcB2FNIjqd
jtjvItaJ/lMcseWmzOzmEyHOA/Qv1HH5zqGIS3V2Iv3q87FPFVe4UEw/bzYxuJ1j
i5msdVa9rveA1FoacnF5ivRB9O11BP5MDXRYdAq4fqYTymvo+8vWBq24HlxEBz68
X0EmpzWVGuRZvk6DF5AGB1pB1Rrv2NMr3DWWe4joNggXwtwdMwftFGjhp2aVTYKt
eMcX/Wg+egvQojZeqso31aCEwCj6aDBdHU1M9Kx2Nou+SiTf2MLA+iGe3aYr7QCp
ZCICNyv+0Ckuo0LMCZNiqbplcpggzRDjEGj8pt2eH5Grh/LpNVf/NkGE7HV88iwb
1ix5qvW6MuXsMeoC99c+iSj4O+DmcapK31hoHc8vIxMGv4Tvjl8Kun6yvP0hxNgB
uWIbHwlFRqc32t1xcq49m4qZV2J06mppeEipeLudVAgbUgmmIWW/N6Sa5KP3UGn7
m+qprtUurK0dUcCfdZ70kduOCcq1G9Htsc0P+1Eh6T4DdqwebFk70gmb8YaGyyx7
MmPQcXg1tYBjQjs7u53xP+zoFFiwswWoDsW9KCrl+K2qK2OSsrSaZGRHhB2DwkPT
pe6u3Z5fRi892Rzez5bGX8dxbFhYJA8O1kAStvhKHAJJeWZDUYNsYYSxJphRx2Bw
lSqVkghilPZsRJunGjE48wEhqD+yBIyRpEpBTvDjSe1iw3DEICJJVXCoXlf4eT0G
kZffiv6KEDvLlPuCpzOM342sir5gu8aT/jJG1XErRpL0WmegTn69j2fZkJNvF13G
8jw6WNSSSnHMNyKdpkvzMcb6lJsk/t+buIeC73XlgWV0rQY9gRIv7gVsBiFrhugU
063LU/kRtC+grWXqExmkrXmGwtmkvNw67SSs2+lGcFYN3NbhB689ibbIh/dhKjHh
zUlSMDzwynXI0IHYKbGr/FS7+6hlQYAbOWLVUvpmqzEAC45NRVj0U5JUpqfi6VnZ
IJQ8nFqdhqrGgcP5mgKg/bYk+N9ibqjtEIu8j0td3X1ZZmcWfLQHCaR5SkuiKdGh
g9dGmOD0MvsOyc2wU32CrC6UamPocj/e0KRAluXE818IPJPdAW7g0EpTRGOBrnZG
CkfYWFfwnOP2b7+ubzDtfkAU20OhnKxVyO/kvpNXZfyVO6dAYoSAum89EdpXn1Q5
JXUYEksTHnNo2BXUKKILIt6pMboOsZw90VfI5hDhewW7n4aKk+24YaMG2lC5HAeI
3z+kd0zxKlh2Yl9k6uk4o9M5LnMCdz90V7B4aGF2w8zfbjWNXjSUXkYJah/F7Ec4
+4cUDMd0ZHVEs2VBYEn4TnGGocMCELEvkTegS3P/XlLx23mvP3Xu2/D3jOUMSAOK
GDEiNhyBUbadirPl+f53Fr6YljJdkuKhJkpo4WoKfw8FpJADiT52HJq6KepoOKnj
lwRx/6s4Fgd8haovoQ8H3Mx8JdlOtbuUveud2sCDIO2mrB9uv6w/DJlvvhHNoE3g
+eDMx6RDGqrvRaLhSCH8J2ZjYi8lP0d+N48bM2zM/Ad6E+muGNl4Fmbcyw73+tQQ
ZEsboVhnHg3FpqAGkPhBdMy6SNEH8z4gQm9KAmyNvsyugE4QY4kBlk1H5rUMcENJ
IFX940b3ZQCfjGjOztEs9i7F0Hd0ykcg95j5sxSrZoUzACGWW16prk5eU7A9P8+9
BxA6ih2ScFMSaiiZ4DeFK1H1J4Os5p/jf4wgknXpvF/szHDCWUyC9JLtfxdlkzaP
Igj/e2g0Tu4YcleQFz/FfzhhlfIGhmWgtTU4aGEtAdeWtXIo1Y8SsivZ82SCafuk
dxY062iiHil01R5XP1ivD8kx22+As/xPHuoU3E2d0uuNjypQwUGudy/8RTCNwRdS
K1qlLeG+4fZLsEbX9X58TGdgx3ijzhIZ4ZzLODzjrU7yIoBdMeXVghbsjoBMkxgx
PcdgpyKlZZppK2Q5+h5rGnYBSt4DETqGobGguzBb0Y2WTnEvOTvE40pwm35/5CpT
Z6e2we+a7vxIt5LaWogqA/sIg4gOvHnZks9be+HTxjxI99h0npr9WiltP82wykY3
Xa046PxWQ2COGZX/tZsyEeJNbhBtyT/OFHWGc9IlqP0QOiy2+25fIujySq2MImVA
vu1eXonsdzC0O4clyXBHiw8Y9m92fOdyU2X+LcEpvclkqqxVTmTFCn/kTFD/7GGC
CjpDo/89hFT9t7vblsp2PetOqU90AVOCH6DlbzLlX8hEqcS67Lm0ImBLUNOAJnNa
KQatzpV2cZCVIOuvzJrAeYQ4wVRP8L4HyOvkEOxPP36eGQvoNUhenfGJ8lyLp4pZ
vN+6ATcCB9N+9Kj4ruAcPaESrr7Q4PbChYwpOXZerNWNHPmf8sKz1R2fnCzqxQgg
VfovQTMFoM9ykM7d8kPClb5vcDIUF702eKxCvfM2Ezt+fXjZa70/bfsNp77j1JIk
bzSfxvIJdLxd7loX57pW14quvDIdxqE5ZtOMKwb611mDQ9ZGrm9mSObJSWhU3pyu
1lG/f3OzqBjYuh2EJlZhaypLT1zZ9OYSPpsPo2k1Imt22F12nvsvlP3FS1DTiCOx
k6+EzIpjnSzmtXjpBIZ53VhHTxOXKChzQ/Dh04NQV7vPROIEjexdCyBSfnv+sCrm
nKehmdYgUODlBMtb67MD2919biu173Jx6u1/P1WYZtEeIB0cXXuRrawJYW5iuazi
67WiSSSe9oV/R1jc0Xl6ZTjG5jog1gW72HcfKchyqgPQXs243kJpMa4vZ8Ew35Xz
NINXbIP+lXK9Fgl57ECcr7DPZ6SVvFatltAZQBggpXlyeR6V0xm44DMXMqyz+ioz
ZgzeA53YVIAYRsOAAiQii0z6UhsiNOLyla9s6sbXWUJ4Lxm0M/2NIHcgdtKCYnr9
mhaI/gzt9advLWFaE471eR8YPjCF8POywkIeOl8apsqWvjr6qhNzulssDltQoOBf
l3B8o9HjmKMkdJOMtxfoghlVsGY2f3b36WJkYBAtBCnxGIVoVgGuZYQylVpPeyiK
chAskXyV+yfrmqqgj82hyVntOhmokg8mEiLjfAGq4IK0K1ljz+9Q9EirhtUueLKb
dzLFc2snKo1qcWnaOw+p+4EbS/3TaHoxQHcs9yNPPz6bXjca7LaFy3zdyyTVZgiv
xO7W2YoX9AlqBhAL30poRSCUgRF+j6mNsBe4+CXdlw8fK3GjuGn7Z24lWvtPWvtv
Vmnz4Qnz6QJEkXxHKSaEVSzn0dAmlMXQjgGL+XaE20qCDwu/Jl0OeIXw0NvLHYxO
9megYiBgkmEx2HuGwCSuEGRcXhFyIAhMNcGatNbTDZ44d2Btcfno10havEvQcfUy
0vf7MVs1G+ZGScUILQiCgfCzqHtKrBKNUQPTuz8kflDl0/QLqHq0mPCyN4aRaisf
FXgxPIaSHQXoDJb4k0A2wEgwVogvCwx6SrboVZFPiNX7ygw1zD6wtmcTAJMVBNLk
5GZbb+1KANw9JeWPb3dGNn208ug2hf2rXTV7w3hyy0ytqBJqnQdELdzPO1D3lOfr
utQWBWSSQxTf20TyodQPBncPbKB+UgRjmeHZixrIRAS5/S2gvEDfnreh6x3meenn
xJOOyt1L/ru+a+qWLsv/M4B1BbAqomz4C2MN1bhbbiTenppS61UthZh54+Sp8OSo
tfV00QlgYwjm1LnKYET6i2Sx7tg+ONntaHbxlVNo1XWiU0nPMH7uLFV/A7SxmdwE
JDWWhrTv5im3PaUp0AqmxABJIR/hWsmpszAb9DvwTmK42RdxZo4m7OC7c6cJXlSK
U5NO8oNFxmpsEzuKEk0dBT3T0yyP3Di3peS2xIpZS26QgMTz3olFc5DqsWlxq/ch
ZPKQPk1TdzzFgP7zjRqO8JySPD6hz22phwmMIJp7QggYXNFHaxh5Nz82HZBDtN+g
j4LsOwGWh2j5JwbXhOHmvB/PrFj6w0AVa2Qg5byqT9v/88YEOjeauEhwjeM25gG2
31U/iNzApAtXPhqdjZcrGSL1Jqugeg49abPp2VYfv+MzTjqDZ1l4NPDD/Q10eYrF
Se+T0tDCZQggPaTmfs91atVBjuqG607+qlHKlKJcxLoHP/PPFRyMi4P6CD14CQd1
CVFErLWka4fqBW2Y34MeeVWzPm53SPAdeYX+spxIFtbCFZWPWUzsZY4pdCGqsuPU
IMqbNifa2J1IRNvTXaEF63H2QwaEgENgNCCovluQDP7+EjJ656Oq+2aa5zrAq6Cm
yYD8ViaCtEv2YmD0+Zuw0j7zpzvSmIvbr3dGuB7IeVHHlQhrpwp64uXMOcLsPr4Q
RdIOPrs48UUF8kP+361QM+3FKTEtExTDTN1W82SMVFa7OoIE2b31+dO6uFRiIIvk
/jeM/6kMHuAwF20OYyHpT1n8l5qypqG4g7YDtmaH6aMid/S6idTs9VmuajUhE6mu
cAt+7PL21WIkjEQRIZMlwD03SO0xAa4/1GiygrMbavFeMcMZWD4syB/W4u1ie3EG
5AMIqVN4obMd7aegrGAAGRCNDOLuzA0LQNm+hsC84icrkDPVx+PmmYJJivwhBmX9
oQiXMRO8eAsfTAIaHuLBQCa+ouFcRK0+Y7DsnQ36yudSJOT64mZB9RPXA+4Kgg+U
6pXClHhyyBrByhaKYgGVNI+O2eHoM1BJ8vF9tLbd8cuxEG9WaJJqaycKN7rBnpht
VuOyqr+AXCgoObnUnlpR0QsWPS3SKQwcb8UTeTHm/lFP5RsjcM/W47v94STLJ0G7
C/UQvTk3vUA95cRqy9LvtpLtBfJNZ1cDIQ7lE25nE024Wp8jMlLFCUD33AtEYbuq
p5chIcdcApuhTJKnBWehYmpwJdk7/1ecPxu4Vnz4TbBQfFrW1WI5bTuzL0THvaFh
a2JlMAob9kW06cYlqK0auG4uu+eUd1bWD5Sf3g2WY/AOqoQsoj1N5Td01DI07S4W
/KrOngTV5U/ykIdwi0bnzlGe18bftFsuo3q5AFjTn4ZZrUATa2r4y0Pir3s+Hie4
2y6omro8hn1JjrkgIZ+Qq8DpLC9HiUfeFiK+PVnJRaWA1cAi4nO/CzlBEjChhLMJ
pmSP1k+8Upg8b1cQHqL7/OkyBsaXHowMjwLIbgShD7Ws0E/yaTrnhNpNO2hqUqAy
bFosIGhqgdGH/ht9485iNimMQf98pYw/pwEtLLkvRNj9L1toFP6/0rQolMN/rc5y
tpCC7KYHNC8ZH1h+peGbciqhz6KS9jD0i+uQ6jAgLbSMsq0YN7FPIYQY8ZYm+mhj
lIwqiejvpwJNZod4NKe4k4U9SKbMQGXhKJvLt3mkCLxhlCM4DyX2tn9IUwBHgrkP
UOYPiKYqPmhJn4Z11EzE0bOFwdl+n2obj9Dznoj0GiuTQKaVRtJtwFSu7qt+3zN/
5Vgai6MyGnRdyTYdex7H2PdtqYLP0rdAadvPhhbuua3wc/ZzBhhIUBzT5FzGoSO6
GXfRB821F8HG7w8hieIxnK3LUtlOlUhJVu68s2Pli77f7NkIyE7k2ZXaL2NpXGlO
O7qjbGONEs+7Qzn9PRNa3Eh6ahxm8tPU1XdXTFDaCvvj+dh4fFmivsfiL27iZ3iF
SMFjLPg5Df41nv72xhZug8txsGlsBxJH/Bi5rsGYYhRx3ThZJ8ZzYWpnHTRqKoF8
pxob83LyfQIyPNXAx5PWcNaGTEs1uCJYetVQd6/EqLCoAqsZ8qpOTm5Na1QCTTth
vw8cWGRYR/AVS7ujzTOstRcRm5MDNy9F7VgqsfQK1kCvMfFpAIcHefSCUpLMr8up
ueK4tBA3nZkFPD5aX+rGuXp2dUPWepqLmsqezRYKLXnWWP8B1ohP0j8KCSI6VVjs
D5Gu9pFBQEnI3X4zvsta0F7hA0nV/Q0j2p08LrBI5hz9n9n/NEU2eN7uleABsMKm
QZJerzl6hvhyMjke8/O8AT3AYrAyOnBawrhjXuc0chhspTu8SVnkF56y02JlXn8u
6vkFKWS4j0YZ9tx8QbTGFuJNMJD+Q7ogOQ5xDicBLO5sBtAkT1R8BxSahTIPLi0Q
SKYAlyx2jL8rb2O7piZDFgbrTd2wZFOCKvY3GdX+xfh/enOtkLyK9F20R/biQ2vq
EsdSj9PpJd/FYmpDziEfMzsaqw9yNXUZh8bteqBBLTgnCdinf1N/UlP0dgMvXZWA
3Sw/m8DWyAwZTmW8+fpCpqKJvFnm6zh+44is1wz3tEt+bSOn5ZQ7HwW5MPIjE5Lf
onZo24D15s39lO00PL7rIdDxCUOjDl22vwQg/YBSzlicFZ5alDSiijRW6yToSZMC
KtNw4ItguV0H6PtXK7lmLA/7ZFLAGBzoHsQ15BZx4e1Yf9umXs9N9pWbrOcCXA47
i2BaPHl9udLBM6X+t44DnB9ne6+2EFmwd3sCHL4nhZF827q4Z+hnqTLc6CnIVmRj
bSTbkXPHoTbu5BEuCBcqSol7fPymlVSjcEsXmSpBRTSN8A4xMLEYrOFZziBWx0L9
J+hP6V9TYizwgR/aIIwF5UGoFE8WUPoTV1beeAjdgS4Hfe+Tze/ahZUrYt2oJx6V
3kjSyPafONiJwi3xWm71ibaXR9SSy3i67SoTL1U/aX+8qZ4DJKPuwoqBNaycBIuz
06DtUv61diqYCzqLdbDiGk+Wmr+4zAw6a/IqE76Pe4R1JZ+C5P19JDMXaUDp8RIP
TYhLhFuRRDUHpyviWp4s2+hOxFPjKEhEWnHLt20KSRoFV+FtfEowWITQKO/iUP4F
o7CSylHu+HlzK8/1VMNkyJSKAmwuN4VHMfKhCyeg6hAALQGPQ8/KDkn578lcm94U
2ZG9Qy8YfHLH8oyViuil0zz10rTN+jvgGAl/nGaOsH6gJGGip8cs1Fdv6h2mVEdu
zgSo6N/gwaXjfv6eUUR5xnK/iN+btK4GnTe+DdKjODTY7LMoS+9J7TStvwC23bkh
eD2XBWCWNIXUAvYfnx+VEoDxrGA6dFRwq+mW8Ue+qcXKta7q7y31ry8zQg39TdF7
